// !$*UTF8*$!
{
	archiveVersion = 1;
	classes = {
	};
	objectVersion = 50;
	objects = {

/* Begin PBXBuildFile section */
		1C1E0F2C26A54D22007239CA /* AppDelegate.swift in Sources */ = {isa = PBXBuildFile; fileRef = 1C1E0F2B26A54D22007239CA /* AppDelegate.swift */; };
		1C1E0F2E26A54D22007239CA /* SceneDelegate.swift in Sources */ = {isa = PBXBuildFile; fileRef = 1C1E0F2D26A54D22007239CA /* SceneDelegate.swift */; };
		1C1E0F3026A54D22007239CA /* ViewController.swift in Sources */ = {isa = PBXBuildFile; fileRef = 1C1E0F2F26A54D22007239CA /* ViewController.swift */; };
		1C1E0F3326A54D22007239CA /* Main.storyboard in Resources */ = {isa = PBXBuildFile; fileRef = 1C1E0F3126A54D22007239CA /* Main.storyboard */; };
		1C1E0F3626A54D22007239CA /* UserDefaultUse.xcdatamodeld in Sources */ = {isa = PBXBuildFile; fileRef = 1C1E0F3426A54D22007239CA /* UserDefaultUse.xcdatamodeld */; };
		1C1E0F3826A54D23007239CA /* Assets.xcassets in Resources */ = {isa = PBXBuildFile; fileRef = 1C1E0F3726A54D23007239CA /* Assets.xcassets */; };
		1C1E0F3B26A54D23007239CA /* LaunchScreen.storyboard in Resources */ = {isa = PBXBuildFile; fileRef = 1C1E0F3926A54D23007239CA /* LaunchScreen.storyboard */; };
		1C1E0F4526A5510E007239CA /* SettingViewController.swift in Sources */ = {isa = PBXBuildFile; fileRef = 1C1E0F4426A5510E007239CA /* SettingViewController.swift */; };
		1C1E0F4726A556F6007239CA /* UserPrefrence.swift in Sources */ = {isa = PBXBuildFile; fileRef = 1C1E0F4626A556F6007239CA /* UserPrefrence.swift */; };
/* End PBXBuildFile section */

/* Begin PBXFileReference section */
		1C1E0F2826A54D22007239CA /* UserDefaultUse.app */ = {isa = PBXFileReference; explicitFileType = wrapper.application; includeInIndex = 0; path = UserDefaultUse.app; sourceTree = BUILT_PRODUCTS_DIR; };
		1C1E0F2B26A54D22007239CA /* AppDelegate.swift */ = {isa = PBXFileReference; lastKnownFileType = sourcecode.swift; path = AppDelegate.swift; sourceTree = "<group>"; };
		1C1E0F2D26A54D22007239CA /* SceneDelegate.swift */ = {isa = PBXFileReference; lastKnownFileType = sourcecode.swift; path = SceneDelegate.swift; sourceTree = "<group>"; };
		1C1E0F2F26A54D22007239CA /* ViewController.swift */ = {isa = PBXFileReference; lastKnownFileType = sourcecode.swift; path = ViewController.swift; sourceTree = "<group>"; };
		1C1E0F3226A54D22007239CA /* Base */ = {isa = PBXFileReference; lastKnownFileType = file.storyboard; name = Base; path = Base.lproj/Main.storyboard; sourceTree = "<group>"; };
		1C1E0F3526A54D22007239CA /* UserDefaultUse.xcdatamodel */ = {isa = PBXFileReference; lastKnownFileType = wrapper.xcdatamodel; path = UserDefaultUse.xcdatamodel; sourceTree = "<group>"; };
		1C1E0F3726A54D23007239CA /* Assets.xcassets */ = {isa = PBXFileReference; lastKnownFileType = folder.assetcatalog; path = Assets.xcassets; sourceTree = "<group>"; };
		1C1E0F3A26A54D23007239CA /* Base */ = {isa = PBXFileReference; lastKnownFileType = file.storyboard; name = Base; path = Base.lproj/LaunchScreen.storyboard; sourceTree = "<group>"; };
		1C1E0F3C26A54D23007239CA /* Info.plist */ = {isa = PBXFileReference; lastKnownFileType = text.plist.xml; path = Info.plist; sourceTree = "<group>"; };
		1C1E0F4426A5510E007239CA /* SettingViewController.swift */ = {isa = PBXFileReference; lastKnownFileType = sourcecode.swift; path = SettingViewController.swift; sourceTree = "<group>"; };
		1C1E0F4626A556F6007239CA /* UserPrefrence.swift */ = {isa = PBXFileReference; lastKnownFileType = sourcecode.swift; path = UserPrefrence.swift; sourceTree = "<group>"; };
/* End PBXFileReference section */

/* Begin PBXFrameworksBuildPhase section */
		1C1E0F2526A54D22007239CA /* Frameworks */ = {
			isa = PBXFrameworksBuildPhase;
			buildActionMask = 2147483647;
			files = (
			);
			runOnlyForDeploymentPostprocessing = 0;
		};
/* End PBXFrameworksBuildPhase section */

/* Begin PBXGroup section */
		1C1E0F1F26A54D22007239CA = {
			isa = PBXGroup;
			children = (
				1C1E0F2A26A54D22007239CA /* UserDefaultUse */,
				1C1E0F2926A54D22007239CA /* Products */,
			);
			sourceTree = "<group>";
		};
		1C1E0F2926A54D22007239CA /* Products */ = {
			isa = PBXGroup;
			children = (
				1C1E0F2826A54D22007239CA /* UserDefaultUse.app */,
			);
			name = Products;
			sourceTree = "<group>";
		};
		1C1E0F2A26A54D22007239CA /* UserDefaultUse */ = {
			isa = PBXGroup;
			children = (
				1C1E0F4326A54D48007239CA /* View */,
				1C1E0F2F26A54D22007239CA /* ViewController.swift */,
				1C1E0F4426A5510E007239CA /* SettingViewController.swift */,
				1C1E0F4626A556F6007239CA /* UserPrefrence.swift */,
				1C1E0F4226A54D37007239CA /* SupportFiles */,
				1C1E0F3C26A54D23007239CA /* Info.plist */,
				1C1E0F3726A54D23007239CA /* Assets.xcassets */,
				1C1E0F3426A54D22007239CA /* UserDefaultUse.xcdatamodeld */,
			);
			path = UserDefaultUse;
			sourceTree = "<group>";
		};
		1C1E0F4226A54D37007239CA /* SupportFiles */ = {
			isa = PBXGroup;
			children = (
				1C1E0F2B26A54D22007239CA /* AppDelegate.swift */,
				1C1E0F2D26A54D22007239CA /* SceneDelegate.swift */,
			);
			path = SupportFiles;
			sourceTree = "<group>";
		};
		1C1E0F4326A54D48007239CA /* View */ = {
			isa = PBXGroup;
			children = (
				1C1E0F3126A54D22007239CA /* Main.storyboard */,
				1C1E0F3926A54D23007239CA /* LaunchScreen.storyboard */,
			);
			path = View;
			sourceTree = "<group>";
		};
/* End PBXGroup section */

/* Begin PBXNativeTarget section */
		1C1E0F2726A54D22007239CA /* UserDefaultUse */ = {
			isa = PBXNativeTarget;
			buildConfigurationList = 1C1E0F3F26A54D23007239CA /* Build configuration list for PBXNativeTarget "UserDefaultUse" */;
			buildPhases = (
				1C1E0F2426A54D22007239CA /* Sources */,
				1C1E0F2526A54D22007239CA /* Frameworks */,
				1C1E0F2626A54D22007239CA /* Resources */,
			);
			buildRules = (
			);
			dependencies = (
			);
			name = UserDefaultUse;
			productName = UserDefaultUse;
			productReference = 1C1E0F2826A54D22007239CA /* UserDefaultUse.app */;
			productType = "com.apple.product-type.application";
		};
/* End PBXNativeTarget section */

/* Begin PBXProject section */
		1C1E0F2026A54D22007239CA /* Project object */ = {
			isa = PBXProject;
			attributes = {
				LastSwiftUpdateCheck = 1250;
				LastUpgradeCheck = 1250;
				TargetAttributes = {
					1C1E0F2726A54D22007239CA = {
						CreatedOnToolsVersion = 12.5.1;
					};
				};
			};
			buildConfigurationList = 1C1E0F2326A54D22007239CA /* Build configuration list for PBXProject "UserDefaultUse" */;
			compatibilityVersion = "Xcode 9.3";
			developmentRegion = en;
			hasScannedForEncodings = 0;
			knownRegions = (
				en,
				Base,
			);
			mainGroup = 1C1E0F1F26A54D22007239CA;
			productRefGroup = 1C1E0F2926A54D22007239CA /* Products */;
			projectDirPath = "";
			projectRoot = "";
			targets = (
				1C1E0F2726A54D22007239CA /* UserDefaultUse */,
			);
		};
/* End PBXProject section */

/* Begin PBXResourcesBuildPhase section */
		1C1E0F2626A54D22007239CA /* Resources */ = {
			isa = PBXResourcesBuildPhase;
			buildActionMask = 2147483647;
			files = (
				1C1E0F3B26A54D23007239CA /* LaunchScreen.storyboard in Resources */,
				1C1E0F3826A54D23007239CA /* Assets.xcassets in Resources */,
				1C1E0F3326A54D22007239CA /* Main.storyboard in Resources */,
			);
			runOnlyForDeploymentPostprocessing = 0;
		};
/* End PBXResourcesBuildPhase section */

/* Begin PBXSourcesBuildPhase section */
		1C1E0F2426A54D22007239CA /* Sources */ = {
			isa = PBXSourcesBuildPhase;
			buildActionMask = 2147483647;
			files = (
				1C1E0F4526A5510E007239CA /* SettingViewController.swift in Sources */,
				1C1E0F3626A54D22007239CA /* UserDefaultUse.xcdatamodeld in Sources */,
				1C1E0F3026A54D22007239CA /* ViewController.swift in Sources */,
				1C1E0F4726A556F6007239CA /* UserPrefrence.swift in Sources */,
				1C1E0F2C26A54D22007239CA /* AppDelegate.swift in Sources */,
				1C1E0F2E26A54D22007239CA /* SceneDelegate.swift in Sources */,
			);
			runOnlyForDeploymentPostprocessing = 0;
		};
/* End PBXSourcesBuildPhase section */

/* Begin PBXVariantGroup section */
		1C1E0F3126A54D22007239CA /* Main.storyboard */ = {
			isa = PBXVariantGroup;
			children = (
				1C1E0F3226A54D22007239CA /* Base */,
			);
			name = Main.storyboard;
			sourceTree = "<group>";
		};
		1C1E0F3926A54D23007239CA /* LaunchScreen.storyboard */ = {
			isa = PBXVariantGroup;
			children = (
				1C1E0F3A26A54D23007239CA /* Base */,
			);
			name = LaunchScreen.storyboard;
			sourceTree = "<group>";
		};
/* End PBXVariantGroup section */

/* Begin XCBuildConfiguration section */
		1C1E0F3D26A54D23007239CA /* Debug */ = {
			isa = XCBuildConfiguration;
			buildSettings = {
				ALWAYS_SEARCH_USER_PATHS = NO;
				CLANG_ANALYZER_NONNULL = YES;
				CLANG_ANALYZER_NUMBER_OBJECT_CONVERSION = YES_AGGRESSIVE;
				CLANG_CXX_LANGUAGE_STANDARD = "gnu++14";
				CLANG_CXX_LIBRARY = "libc++";
				CLANG_ENABLE_MODULES = YES;
				CLANG_ENABLE_OBJC_ARC = YES;
				CLANG_ENABLE_OBJC_WEAK = YES;
				CLANG_WARN_BLOCK_CAPTURE_AUTORELEASING = YES;
				CLANG_WARN_BOOL_CONVERSION = YES;
				CLANG_WARN_COMMA = YES;
				CLANG_WARN_CONSTANT_CONVERSION = YES;
				CLANG_WARN_DEPRECATED_OBJC_IMPLEMENTATIONS = YES;
				CLANG_WARN_DIRECT_OBJC_ISA_USAGE = YES_ERROR;
				CLANG_WARN_DOCUMENTATION_COMMENTS = YES;
				CLANG_WARN_EMPTY_BODY = YES;
				CLANG_WARN_ENUM_CONVERSION = YES;
				CLANG_WARN_INFINITE_RECURSION = YES;
				CLANG_WARN_INT_CONVERSION = YES;
				CLANG_WARN_NON_LITERAL_NULL_CONVERSION = YES;
				CLANG_WARN_OBJC_IMPLICIT_RETAIN_SELF = YES;
				CLANG_WARN_OBJC_LITERAL_CONVERSION = YES;
				CLANG_WARN_OBJC_ROOT_CLASS = YES_ERROR;
				CLANG_WARN_QUOTED_INCLUDE_IN_FRAMEWORK_HEADER = YES;
				CLANG_WARN_RANGE_LOOP_ANALYSIS = YES;
				CLANG_WARN_STRICT_PROTOTYPES = YES;
				CLANG_WARN_SUSPICIOUS_MOVE = YES;
				CLANG_WARN_UNGUARDED_AVAILABILITY = YES_AGGRESSIVE;
				CLANG_WARN_UNREACHABLE_CODE = YES;
				CLANG_WARN__DUPLICATE_METHOD_MATCH = YES;
				COPY_PHASE_STRIP = NO;
				DEBUG_INFORMATION_FORMAT = dwarf;
				ENABLE_STRICT_OBJC_MSGSEND = YES;
				ENABLE_TESTABILITY = YES;
				GCC_C_LANGUAGE_STANDARD = gnu11;
				GCC_DYNAMIC_NO_PIC = NO;
				GCC_NO_COMMON_BLOCKS = YES;
				GCC_OPTIMIZATION_LEVEL = 0;
				GCC_PREPROCESSOR_DEFINITIONS = (
					"DEBUG=1",
					"$(inherited)",
				);
				GCC_WARN_64_TO_32_BIT_CONVERSION = YES;
				GCC_WARN_ABOUT_RETURN_TYPE = YES_ERROR;
				GCC_WARN_UNDECLARED_SELECTOR = YES;
				GCC_WARN_UNINITIALIZED_AUTOS = YES_AGGRESSIVE;
				GCC_WARN_UNUSED_FUNCTION = YES;
				GCC_WARN_UNUSED_VARIABLE = YES;
				IPHONEOS_DEPLOYMENT_TARGET = 14.5;
				MTL_ENABLE_DEBUG_INFO = INCLUDE_SOURCE;
				MTL_FAST_MATH = YES;
				ONLY_ACTIVE_ARCH = YES;
				SDKROOT = iphoneos;
				SWIFT_ACTIVE_COMPILATION_CONDITIONS = DEBUG;
				SWIFT_OPTIMIZATION_LEVEL = "-Onone";
			};
			name = Debug;
		};
		1C1E0F3E26A54D23007239CA /* Release */ = {
			isa = XCBuildConfiguration;
			buildSettings = {
				ALWAYS_SEARCH_USER_PATHS = NO;
				CLANG_ANALYZER_NONNULL = YES;
				CLANG_ANALYZER_NUMBER_OBJECT_CONVERSION = YES_AGGRESSIVE;
				CLANG_CXX_LANGUAGE_STANDARD = "gnu++14";
				CLANG_CXX_LIBRARY = "libc++";
				CLANG_ENABLE_MODULES = YES;
				CLANG_ENABLE_OBJC_ARC = YES;
				CLANG_ENABLE_OBJC_WEAK = YES;
				CLANG_WARN_BLOCK_CAPTURE_AUTORELEASING = YES;
				CLANG_WARN_BOOL_CONVERSION = YES;
				CLANG_WARN_COMMA = YES;
				CLANG_WARN_CONSTANT_CONVERSION = YES;
				CLANG_WARN_DEPRECATED_OBJC_IMPLEMENTATIONS = YES;
				CLANG_WARN_DIRECT_OBJC_ISA_USAGE = YES_ERROR;
				CLANG_WARN_DOCUMENTATION_COMMENTS = YES;
				CLANG_WARN_EMPTY_BODY = YES;
				CLANG_WARN_ENUM_CONVERSION = YES;
				CLANG_WARN_INFINITE_RECURSION = YES;
				CLANG_WARN_INT_CONVERSION = YES;
				CLANG_WARN_NON_LITERAL_NULL_CONVERSION = YES;
				CLANG_WARN_OBJC_IMPLICIT_RETAIN_SELF = YES;
				CLANG_WARN_OBJC_LITERAL_CONVERSION = YES;
				CLANG_WARN_OBJC_ROOT_CLASS = YES_ERROR;
				CLANG_WARN_QUOTED_INCLUDE_IN_FRAMEWORK_HEADER = YES;
				CLANG_WARN_RANGE_LOOP_ANALYSIS = YES;
				CLANG_WARN_STRICT_PROTOTYPES = YES;
				CLANG_WARN_SUSPICIOUS_MOVE = YES;
				CLANG_WARN_UNGUARDED_AVAILABILITY = YES_AGGRESSIVE;
				CLANG_WARN_UNREACHABLE_CODE = YES;
				CLANG_WARN__DUPLICATE_METHOD_MATCH = YES;
				COPY_PHASE_STRIP = NO;
				DEBUG_INFORMATION_FORMAT = "dwarf-with-dsym";
				ENABLE_NS_ASSERTIONS = NO;
				ENABLE_STRICT_OBJC_MSGSEND = YES;
				GCC_C_LANGUAGE_STANDARD = gnu11;
				GCC_NO_COMMON_BLOCKS = YES;
				GCC_WARN_64_TO_32_BIT_CONVERSION = YES;
				GCC_WARN_ABOUT_RETURN_TYPE = YES_ERROR;
				GCC_WARN_UNDECLARED_SELECTOR = YES;
				GCC_WARN_UNINITIALIZED_AUTOS = YES_AGGRESSIVE;
				GCC_WARN_UNUSED_FUNCTION = YES;
				GCC_WARN_UNUSED_VARIABLE = YES;
				IPHONEOS_DEPLOYMENT_TARGET = 14.5;
				MTL_ENABLE_DEBUG_INFO = NO;
				MTL_FAST_MATH = YES;
				SDKROOT = iphoneos;
				SWIFT_COMPILATION_MODE = wholemodule;
				SWIFT_OPTIMIZATION_LEVEL = "-O";
				VALIDATE_PRODUCT = YES;
			};
			name = Release;
		};
		1C1E0F4026A54D23007239CA /* Debug */ = {
			isa = XCBuildConfiguration;
			buildSettings = {
				ASSETCATALOG_COMPILER_APPICON_NAME = AppIcon;
				ASSETCATALOG_COMPILER_GLOBAL_ACCENT_COLOR_NAME = AccentColor;
				CODE_SIGN_STYLE = Automatic;
				DEVELOPMENT_TEAM = PGN5857P43;
				INFOPLIST_FILE = UserDefaultUse/Info.plist;
				LD_RUNPATH_SEARCH_PATHS = (
					"$(inherited)",
					"@executable_path/Frameworks",
				);
				PRODUCT_BUNDLE_IDENTIFIER = com.githubyangjunyi.UserDefaultUse;
				PRODUCT_NAME = "$(TARGET_NAME)";
				SWIFT_VERSION = 5.0;
				TARGETED_DEVICE_FAMILY = "1,2";
			};
			name = Debug;
		};
		1C1E0F4126A54D23007239CA /* Release */ = {
			isa = XCBuildConfiguration;
			buildSettings = {
				ASSETCATALOG_COMPILER_APPICON_NAME = AppIcon;
				ASSETCATALOG_COMPILER_GLOBAL_ACCENT_COLOR_NAME = AccentColor;
				CODE_SIGN_STYLE = Automatic;
				DEVELOPMENT_TEAM = PGN5857P43;
				INFOPLIST_FILE = UserDefaultUse/Info.plist;
				LD_RUNPATH_SEARCH_PATHS = (
					"$(inherited)",
					"@executable_path/Frameworks",
				);
				PRODUCT_BUNDLE_IDENTIFIER = com.githubyangjunyi.UserDefaultUse;
				PRODUCT_NAME = "$(TARGET_NAME)";
				SWIFT_VERSION = 5.0;
				TARGETED_DEVICE_FAMILY = "1,2";
			};
			name = Release;
		};
/* End XCBuildConfiguration section */

/* Begin XCConfigurationList section */
		1C1E0F2326A54D22007239CA /* Build configuration list for PBXProject "UserDefaultUse" */ = {
			isa = XCConfigurationList;
			buildConfigurations = (
				1C1E0F3D26A54D23007239CA /* Debug */,
				1C1E0F3E26A54D23007239CA /* Release */,
			);
			defaultConfigurationIsVisible = 0;
			defaultConfigurationName = Release;
		};
		1C1E0F3F26A54D23007239CA /* Build configuration list for PBXNativeTarget "UserDefaultUse" */ = {
			isa = XCConfigurationList;
			buildConfigurations = (
				1C1E0F4026A54D23007239CA /* Debug */,
				1C1E0F4126A54D23007239CA /* Release */,
			);
			defaultConfigurationIsVisible = 0;
			defaultConfigurationName = Release;
		};
/* End XCConfigurationList section */

/* Begin XCVersionGroup section */
		1C1E0F3426A54D22007239CA /* UserDefaultUse.xcdatamodeld */ = {
			isa = XCVersionGroup;
			children = (
				1C1E0F3526A54D22007239CA /* UserDefaultUse.xcdatamodel */,
			);
			currentVersion = 1C1E0F3526A54D22007239CA /* UserDefaultUse.xcdatamodel */;
			path = UserDefaultUse.xcdatamodeld;
			sourceTree = "<group>";
			versionGroupType = wrapper.xcdatamodel;
		};
/* End XCVersionGroup section */
	};
	rootObject = 1C1E0F2026A54D22007239CA /* Project object */;
}
