// !$*UTF8*$!
{
	archiveVersion = 1;
	classes = {
	};
	objectVersion = 50;
	objects = {

/* Begin PBXBuildFile section */
		1C66704D24AACF95009F6496 /* AppDelegate.swift in Sources */ = {isa = PBXBuildFile; fileRef = 1C66704C24AACF95009F6496 /* AppDelegate.swift */; };
		1C66704F24AACF95009F6496 /* SceneDelegate.swift in Sources */ = {isa = PBXBuildFile; fileRef = 1C66704E24AACF95009F6496 /* SceneDelegate.swift */; };
		1C66705124AACF95009F6496 /* ViewController.swift in Sources */ = {isa = PBXBuildFile; fileRef = 1C66705024AACF95009F6496 /* ViewController.swift */; };
		1C66705424AACF95009F6496 /* Main.storyboard in Resources */ = {isa = PBXBuildFile; fileRef = 1C66705224AACF95009F6496 /* Main.storyboard */; };
		1C66705624AACF96009F6496 /* Assets.xcassets in Resources */ = {isa = PBXBuildFile; fileRef = 1C66705524AACF96009F6496 /* Assets.xcassets */; };
		1C66705924AACF96009F6496 /* LaunchScreen.storyboard in Resources */ = {isa = PBXBuildFile; fileRef = 1C66705724AACF96009F6496 /* LaunchScreen.storyboard */; };
		1C66706124AAD1AC009F6496 /* CustomView.swift in Sources */ = {isa = PBXBuildFile; fileRef = 1C66706024AAD1AC009F6496 /* CustomView.swift */; };
		1C66706324AAD1BA009F6496 /* CustomView.xib in Resources */ = {isa = PBXBuildFile; fileRef = 1C66706224AAD1BA009F6496 /* CustomView.xib */; };
/* End PBXBuildFile section */

/* Begin PBXFileReference section */
		1C66704924AACF95009F6496 /* XibCustomViewWithOutletsAndActions.app */ = {isa = PBXFileReference; explicitFileType = wrapper.application; includeInIndex = 0; path = XibCustomViewWithOutletsAndActions.app; sourceTree = BUILT_PRODUCTS_DIR; };
		1C66704C24AACF95009F6496 /* AppDelegate.swift */ = {isa = PBXFileReference; lastKnownFileType = sourcecode.swift; path = AppDelegate.swift; sourceTree = "<group>"; };
		1C66704E24AACF95009F6496 /* SceneDelegate.swift */ = {isa = PBXFileReference; lastKnownFileType = sourcecode.swift; path = SceneDelegate.swift; sourceTree = "<group>"; };
		1C66705024AACF95009F6496 /* ViewController.swift */ = {isa = PBXFileReference; lastKnownFileType = sourcecode.swift; path = ViewController.swift; sourceTree = "<group>"; };
		1C66705324AACF95009F6496 /* Base */ = {isa = PBXFileReference; lastKnownFileType = file.storyboard; name = Base; path = Base.lproj/Main.storyboard; sourceTree = "<group>"; };
		1C66705524AACF96009F6496 /* Assets.xcassets */ = {isa = PBXFileReference; lastKnownFileType = folder.assetcatalog; path = Assets.xcassets; sourceTree = "<group>"; };
		1C66705824AACF96009F6496 /* Base */ = {isa = PBXFileReference; lastKnownFileType = file.storyboard; name = Base; path = Base.lproj/LaunchScreen.storyboard; sourceTree = "<group>"; };
		1C66705A24AACF96009F6496 /* Info.plist */ = {isa = PBXFileReference; lastKnownFileType = text.plist.xml; path = Info.plist; sourceTree = "<group>"; };
		1C66706024AAD1AC009F6496 /* CustomView.swift */ = {isa = PBXFileReference; lastKnownFileType = sourcecode.swift; path = CustomView.swift; sourceTree = "<group>"; };
		1C66706224AAD1BA009F6496 /* CustomView.xib */ = {isa = PBXFileReference; lastKnownFileType = file.xib; path = CustomView.xib; sourceTree = "<group>"; };
/* End PBXFileReference section */

/* Begin PBXFrameworksBuildPhase section */
		1C66704624AACF95009F6496 /* Frameworks */ = {
			isa = PBXFrameworksBuildPhase;
			buildActionMask = 2147483647;
			files = (
			);
			runOnlyForDeploymentPostprocessing = 0;
		};
/* End PBXFrameworksBuildPhase section */

/* Begin PBXGroup section */
		1C66704024AACF95009F6496 = {
			isa = PBXGroup;
			children = (
				1C66704B24AACF95009F6496 /* XibCustomViewWithOutletsAndActions */,
				1C66704A24AACF95009F6496 /* Products */,
			);
			sourceTree = "<group>";
		};
		1C66704A24AACF95009F6496 /* Products */ = {
			isa = PBXGroup;
			children = (
				1C66704924AACF95009F6496 /* XibCustomViewWithOutletsAndActions.app */,
			);
			name = Products;
			sourceTree = "<group>";
		};
		1C66704B24AACF95009F6496 /* XibCustomViewWithOutletsAndActions */ = {
			isa = PBXGroup;
			children = (
				1C66704C24AACF95009F6496 /* AppDelegate.swift */,
				1C66704E24AACF95009F6496 /* SceneDelegate.swift */,
				1C66705024AACF95009F6496 /* ViewController.swift */,
				1C66705224AACF95009F6496 /* Main.storyboard */,
				1C66705524AACF96009F6496 /* Assets.xcassets */,
				1C66705724AACF96009F6496 /* LaunchScreen.storyboard */,
				1C66705A24AACF96009F6496 /* Info.plist */,
				1C66706024AAD1AC009F6496 /* CustomView.swift */,
				1C66706224AAD1BA009F6496 /* CustomView.xib */,
			);
			path = XibCustomViewWithOutletsAndActions;
			sourceTree = "<group>";
		};
/* End PBXGroup section */

/* Begin PBXNativeTarget section */
		1C66704824AACF95009F6496 /* XibCustomViewWithOutletsAndActions */ = {
			isa = PBXNativeTarget;
			buildConfigurationList = 1C66705D24AACF96009F6496 /* Build configuration list for PBXNativeTarget "XibCustomViewWithOutletsAndActions" */;
			buildPhases = (
				1C66704524AACF95009F6496 /* Sources */,
				1C66704624AACF95009F6496 /* Frameworks */,
				1C66704724AACF95009F6496 /* Resources */,
			);
			buildRules = (
			);
			dependencies = (
			);
			name = XibCustomViewWithOutletsAndActions;
			productName = XibCustomViewWithOutletsAndActions;
			productReference = 1C66704924AACF95009F6496 /* XibCustomViewWithOutletsAndActions.app */;
			productType = "com.apple.product-type.application";
		};
/* End PBXNativeTarget section */

/* Begin PBXProject section */
		1C66704124AACF95009F6496 /* Project object */ = {
			isa = PBXProject;
			attributes = {
				LastSwiftUpdateCheck = 1150;
				LastUpgradeCheck = 1200;
				ORGANIZATIONNAME = "杨俊艺";
				TargetAttributes = {
					1C66704824AACF95009F6496 = {
						CreatedOnToolsVersion = 11.5;
					};
				};
			};
			buildConfigurationList = 1C66704424AACF95009F6496 /* Build configuration list for PBXProject "XibCustomViewWithOutletsAndActions" */;
			compatibilityVersion = "Xcode 9.3";
			developmentRegion = en;
			hasScannedForEncodings = 0;
			knownRegions = (
				en,
				Base,
			);
			mainGroup = 1C66704024AACF95009F6496;
			productRefGroup = 1C66704A24AACF95009F6496 /* Products */;
			projectDirPath = "";
			projectRoot = "";
			targets = (
				1C66704824AACF95009F6496 /* XibCustomViewWithOutletsAndActions */,
			);
		};
/* End PBXProject section */

/* Begin PBXResourcesBuildPhase section */
		1C66704724AACF95009F6496 /* Resources */ = {
			isa = PBXResourcesBuildPhase;
			buildActionMask = 2147483647;
			files = (
				1C66705924AACF96009F6496 /* LaunchScreen.storyboard in Resources */,
				1C66706324AAD1BA009F6496 /* CustomView.xib in Resources */,
				1C66705624AACF96009F6496 /* Assets.xcassets in Resources */,
				1C66705424AACF95009F6496 /* Main.storyboard in Resources */,
			);
			runOnlyForDeploymentPostprocessing = 0;
		};
/* End PBXResourcesBuildPhase section */

/* Begin PBXSourcesBuildPhase section */
		1C66704524AACF95009F6496 /* Sources */ = {
			isa = PBXSourcesBuildPhase;
			buildActionMask = 2147483647;
			files = (
				1C66705124AACF95009F6496 /* ViewController.swift in Sources */,
				1C66706124AAD1AC009F6496 /* CustomView.swift in Sources */,
				1C66704D24AACF95009F6496 /* AppDelegate.swift in Sources */,
				1C66704F24AACF95009F6496 /* SceneDelegate.swift in Sources */,
			);
			runOnlyForDeploymentPostprocessing = 0;
		};
/* End PBXSourcesBuildPhase section */

/* Begin PBXVariantGroup section */
		1C66705224AACF95009F6496 /* Main.storyboard */ = {
			isa = PBXVariantGroup;
			children = (
				1C66705324AACF95009F6496 /* Base */,
			);
			name = Main.storyboard;
			sourceTree = "<group>";
		};
		1C66705724AACF96009F6496 /* LaunchScreen.storyboard */ = {
			isa = PBXVariantGroup;
			children = (
				1C66705824AACF96009F6496 /* Base */,
			);
			name = LaunchScreen.storyboard;
			sourceTree = "<group>";
		};
/* End PBXVariantGroup section */

/* Begin XCBuildConfiguration section */
		1C66705B24AACF96009F6496 /* Debug */ = {
			isa = XCBuildConfiguration;
			buildSettings = {
				ALWAYS_SEARCH_USER_PATHS = NO;
				CLANG_ANALYZER_NONNULL = YES;
				CLANG_ANALYZER_NUMBER_OBJECT_CONVERSION = YES_AGGRESSIVE;
				CLANG_CXX_LANGUAGE_STANDARD = "gnu++14";
				CLANG_CXX_LIBRARY = "libc++";
				CLANG_ENABLE_MODULES = YES;
				CLANG_ENABLE_OBJC_ARC = YES;
				CLANG_ENABLE_OBJC_WEAK = YES;
				CLANG_WARN_BLOCK_CAPTURE_AUTORELEASING = YES;
				CLANG_WARN_BOOL_CONVERSION = YES;
				CLANG_WARN_COMMA = YES;
				CLANG_WARN_CONSTANT_CONVERSION = YES;
				CLANG_WARN_DEPRECATED_OBJC_IMPLEMENTATIONS = YES;
				CLANG_WARN_DIRECT_OBJC_ISA_USAGE = YES_ERROR;
				CLANG_WARN_DOCUMENTATION_COMMENTS = YES;
				CLANG_WARN_EMPTY_BODY = YES;
				CLANG_WARN_ENUM_CONVERSION = YES;
				CLANG_WARN_INFINITE_RECURSION = YES;
				CLANG_WARN_INT_CONVERSION = YES;
				CLANG_WARN_NON_LITERAL_NULL_CONVERSION = YES;
				CLANG_WARN_OBJC_IMPLICIT_RETAIN_SELF = YES;
				CLANG_WARN_OBJC_LITERAL_CONVERSION = YES;
				CLANG_WARN_OBJC_ROOT_CLASS = YES_ERROR;
				CLANG_WARN_QUOTED_INCLUDE_IN_FRAMEWORK_HEADER = YES;
				CLANG_WARN_RANGE_LOOP_ANALYSIS = YES;
				CLANG_WARN_STRICT_PROTOTYPES = YES;
				CLANG_WARN_SUSPICIOUS_MOVE = YES;
				CLANG_WARN_UNGUARDED_AVAILABILITY = YES_AGGRESSIVE;
				CLANG_WARN_UNREACHABLE_CODE = YES;
				CLANG_WARN__DUPLICATE_METHOD_MATCH = YES;
				COPY_PHASE_STRIP = NO;
				DEBUG_INFORMATION_FORMAT = dwarf;
				ENABLE_STRICT_OBJC_MSGSEND = YES;
				ENABLE_TESTABILITY = YES;
				GCC_C_LANGUAGE_STANDARD = gnu11;
				GCC_DYNAMIC_NO_PIC = NO;
				GCC_NO_COMMON_BLOCKS = YES;
				GCC_OPTIMIZATION_LEVEL = 0;
				GCC_PREPROCESSOR_DEFINITIONS = (
					"DEBUG=1",
					"$(inherited)",
				);
				GCC_WARN_64_TO_32_BIT_CONVERSION = YES;
				GCC_WARN_ABOUT_RETURN_TYPE = YES_ERROR;
				GCC_WARN_UNDECLARED_SELECTOR = YES;
				GCC_WARN_UNINITIALIZED_AUTOS = YES_AGGRESSIVE;
				GCC_WARN_UNUSED_FUNCTION = YES;
				GCC_WARN_UNUSED_VARIABLE = YES;
				IPHONEOS_DEPLOYMENT_TARGET = 13.5;
				MTL_ENABLE_DEBUG_INFO = INCLUDE_SOURCE;
				MTL_FAST_MATH = YES;
				ONLY_ACTIVE_ARCH = YES;
				SDKROOT = iphoneos;
				SWIFT_ACTIVE_COMPILATION_CONDITIONS = DEBUG;
				SWIFT_OPTIMIZATION_LEVEL = "-Onone";
			};
			name = Debug;
		};
		1C66705C24AACF96009F6496 /* Release */ = {
			isa = XCBuildConfiguration;
			buildSettings = {
				ALWAYS_SEARCH_USER_PATHS = NO;
				CLANG_ANALYZER_NONNULL = YES;
				CLANG_ANALYZER_NUMBER_OBJECT_CONVERSION = YES_AGGRESSIVE;
				CLANG_CXX_LANGUAGE_STANDARD = "gnu++14";
				CLANG_CXX_LIBRARY = "libc++";
				CLANG_ENABLE_MODULES = YES;
				CLANG_ENABLE_OBJC_ARC = YES;
				CLANG_ENABLE_OBJC_WEAK = YES;
				CLANG_WARN_BLOCK_CAPTURE_AUTORELEASING = YES;
				CLANG_WARN_BOOL_CONVERSION = YES;
				CLANG_WARN_COMMA = YES;
				CLANG_WARN_CONSTANT_CONVERSION = YES;
				CLANG_WARN_DEPRECATED_OBJC_IMPLEMENTATIONS = YES;
				CLANG_WARN_DIRECT_OBJC_ISA_USAGE = YES_ERROR;
				CLANG_WARN_DOCUMENTATION_COMMENTS = YES;
				CLANG_WARN_EMPTY_BODY = YES;
				CLANG_WARN_ENUM_CONVERSION = YES;
				CLANG_WARN_INFINITE_RECURSION = YES;
				CLANG_WARN_INT_CONVERSION = YES;
				CLANG_WARN_NON_LITERAL_NULL_CONVERSION = YES;
				CLANG_WARN_OBJC_IMPLICIT_RETAIN_SELF = YES;
				CLANG_WARN_OBJC_LITERAL_CONVERSION = YES;
				CLANG_WARN_OBJC_ROOT_CLASS = YES_ERROR;
				CLANG_WARN_QUOTED_INCLUDE_IN_FRAMEWORK_HEADER = YES;
				CLANG_WARN_RANGE_LOOP_ANALYSIS = YES;
				CLANG_WARN_STRICT_PROTOTYPES = YES;
				CLANG_WARN_SUSPICIOUS_MOVE = YES;
				CLANG_WARN_UNGUARDED_AVAILABILITY = YES_AGGRESSIVE;
				CLANG_WARN_UNREACHABLE_CODE = YES;
				CLANG_WARN__DUPLICATE_METHOD_MATCH = YES;
				COPY_PHASE_STRIP = NO;
				DEBUG_INFORMATION_FORMAT = "dwarf-with-dsym";
				ENABLE_NS_ASSERTIONS = NO;
				ENABLE_STRICT_OBJC_MSGSEND = YES;
				GCC_C_LANGUAGE_STANDARD = gnu11;
				GCC_NO_COMMON_BLOCKS = YES;
				GCC_WARN_64_TO_32_BIT_CONVERSION = YES;
				GCC_WARN_ABOUT_RETURN_TYPE = YES_ERROR;
				GCC_WARN_UNDECLARED_SELECTOR = YES;
				GCC_WARN_UNINITIALIZED_AUTOS = YES_AGGRESSIVE;
				GCC_WARN_UNUSED_FUNCTION = YES;
				GCC_WARN_UNUSED_VARIABLE = YES;
				IPHONEOS_DEPLOYMENT_TARGET = 13.5;
				MTL_ENABLE_DEBUG_INFO = NO;
				MTL_FAST_MATH = YES;
				SDKROOT = iphoneos;
				SWIFT_COMPILATION_MODE = wholemodule;
				SWIFT_OPTIMIZATION_LEVEL = "-O";
				VALIDATE_PRODUCT = YES;
			};
			name = Release;
		};
		1C66705E24AACF96009F6496 /* Debug */ = {
			isa = XCBuildConfiguration;
			buildSettings = {
				ASSETCATALOG_COMPILER_APPICON_NAME = AppIcon;
				CODE_SIGN_STYLE = Automatic;
				DEVELOPMENT_TEAM = PGN5857P43;
				INFOPLIST_FILE = XibCustomViewWithOutletsAndActions/Info.plist;
				LD_RUNPATH_SEARCH_PATHS = (
					"$(inherited)",
					"@executable_path/Frameworks",
				);
				PRODUCT_BUNDLE_IDENTIFIER = GitHubyangjunyi.XibCustomViewWithOutletsAndActions;
				PRODUCT_NAME = "$(TARGET_NAME)";
				SWIFT_VERSION = 5.0;
				TARGETED_DEVICE_FAMILY = "1,2";
			};
			name = Debug;
		};
		1C66705F24AACF96009F6496 /* Release */ = {
			isa = XCBuildConfiguration;
			buildSettings = {
				ASSETCATALOG_COMPILER_APPICON_NAME = AppIcon;
				CODE_SIGN_STYLE = Automatic;
				DEVELOPMENT_TEAM = PGN5857P43;
				INFOPLIST_FILE = XibCustomViewWithOutletsAndActions/Info.plist;
				LD_RUNPATH_SEARCH_PATHS = (
					"$(inherited)",
					"@executable_path/Frameworks",
				);
				PRODUCT_BUNDLE_IDENTIFIER = GitHubyangjunyi.XibCustomViewWithOutletsAndActions;
				PRODUCT_NAME = "$(TARGET_NAME)";
				SWIFT_VERSION = 5.0;
				TARGETED_DEVICE_FAMILY = "1,2";
			};
			name = Release;
		};
/* End XCBuildConfiguration section */

/* Begin XCConfigurationList section */
		1C66704424AACF95009F6496 /* Build configuration list for PBXProject "XibCustomViewWithOutletsAndActions" */ = {
			isa = XCConfigurationList;
			buildConfigurations = (
				1C66705B24AACF96009F6496 /* Debug */,
				1C66705C24AACF96009F6496 /* Release */,
			);
			defaultConfigurationIsVisible = 0;
			defaultConfigurationName = Release;
		};
		1C66705D24AACF96009F6496 /* Build configuration list for PBXNativeTarget "XibCustomViewWithOutletsAndActions" */ = {
			isa = XCConfigurationList;
			buildConfigurations = (
				1C66705E24AACF96009F6496 /* Debug */,
				1C66705F24AACF96009F6496 /* Release */,
			);
			defaultConfigurationIsVisible = 0;
			defaultConfigurationName = Release;
		};
/* End XCConfigurationList section */
	};
	rootObject = 1C66704124AACF95009F6496 /* Project object */;
}
